
Microsoft Visual Studio Solution File, Format Version 12.00
# Visual Studio 2012
Project("{FAE04EC0-301F-11D3-BF4B-00C04F79EFBC}") = "hello", "hello\hello.csproj", "{B15D0B60-E286-4B8A-807C-E983BEAF1184}"
EndProject
Project("{FAE04EC0-301F-11D3-BF4B-00C04F79EFBC}") = "CalculatorProgram", "CalculatorProgram\CalculatorProgram.csproj", "{D1BC7915-126C-493A-8F34-0ED78ACD8E94}"
EndProject
Project("{FAE04EC0-301F-11D3-BF4B-00C04F79EFBC}") = "DayOfTheWeek", "DayOfTheWeek\DayOfTheWeek.csproj", "{3D26D548-EACB-4D10-88E8-A3C730FA9E58}"
EndProject
Project("{FAE04EC0-301F-11D3-BF4B-00C04F79EFBC}") = "SalaryAndBonus", "SalaryAndBonus\SalaryAndBonus.csproj", "{18D120EB-0093-4D0F-BDE5-CDD5B51EA629}"
EndProject
Project("{FAE04EC0-301F-11D3-BF4B-00C04F79EFBC}") = "Grades", "Grades\Grades.csproj", "{034D9DA7-3DCE-4F00-A6F9-56D31F34F0FA}"
EndProject
Project("{FAE04EC0-301F-11D3-BF4B-00C04F79EFBC}") = "ConsoleApplication1", "ConsoleApplication1\ConsoleApplication1.csproj", "{F96AD79E-7877-47B3-8032-FCF329F59A8D}"
EndProject
Project("{FAE04EC0-301F-11D3-BF4B-00C04F79EFBC}") = "Grades.Tests", "Grades.Tests\Grades.Tests.csproj", "{19C58CED-AF01-489E-AA44-C2AE2519F674}"
EndProject
Global
	GlobalSection(SolutionConfigurationPlatforms) = preSolution
		Debug|Any CPU = Debug|Any CPU
		Release|Any CPU = Release|Any CPU
	EndGlobalSection
	GlobalSection(ProjectConfigurationPlatforms) = postSolution
		{B15D0B60-E286-4B8A-807C-E983BEAF1184}.Debug|Any CPU.ActiveCfg = Debug|Any CPU
		{B15D0B60-E286-4B8A-807C-E983BEAF1184}.Debug|Any CPU.Build.0 = Debug|Any CPU
		{B15D0B60-E286-4B8A-807C-E983BEAF1184}.Release|Any CPU.ActiveCfg = Release|Any CPU
		{B15D0B60-E286-4B8A-807C-E983BEAF1184}.Release|Any CPU.Build.0 = Release|Any CPU
		{D1BC7915-126C-493A-8F34-0ED78ACD8E94}.Debug|Any CPU.ActiveCfg = Debug|Any CPU
		{D1BC7915-126C-493A-8F34-0ED78ACD8E94}.Debug|Any CPU.Build.0 = Debug|Any CPU
		{D1BC7915-126C-493A-8F34-0ED78ACD8E94}.Release|Any CPU.ActiveCfg = Release|Any CPU
		{D1BC7915-126C-493A-8F34-0ED78ACD8E94}.Release|Any CPU.Build.0 = Release|Any CPU
		{3D26D548-EACB-4D10-88E8-A3C730FA9E58}.Debug|Any CPU.ActiveCfg = Debug|Any CPU
		{3D26D548-EACB-4D10-88E8-A3C730FA9E58}.Debug|Any CPU.Build.0 = Debug|Any CPU
		{3D26D548-EACB-4D10-88E8-A3C730FA9E58}.Release|Any CPU.ActiveCfg = Release|Any CPU
		{3D26D548-EACB-4D10-88E8-A3C730FA9E58}.Release|Any CPU.Build.0 = Release|Any CPU
		{18D120EB-0093-4D0F-BDE5-CDD5B51EA629}.Debug|Any CPU.ActiveCfg = Debug|Any CPU
		{18D120EB-0093-4D0F-BDE5-CDD5B51EA629}.Debug|Any CPU.Build.0 = Debug|Any CPU
		{18D120EB-0093-4D0F-BDE5-CDD5B51EA629}.Release|Any CPU.ActiveCfg = Release|Any CPU
		{18D120EB-0093-4D0F-BDE5-CDD5B51EA629}.Release|Any CPU.Build.0 = Release|Any CPU
		{034D9DA7-3DCE-4F00-A6F9-56D31F34F0FA}.Debug|Any CPU.ActiveCfg = Debug|Any CPU
		{034D9DA7-3DCE-4F00-A6F9-56D31F34F0FA}.Debug|Any CPU.Build.0 = Debug|Any CPU
		{034D9DA7-3DCE-4F00-A6F9-56D31F34F0FA}.Release|Any CPU.ActiveCfg = Release|Any CPU
		{034D9DA7-3DCE-4F00-A6F9-56D31F34F0FA}.Release|Any CPU.Build.0 = Release|Any CPU
		{F96AD79E-7877-47B3-8032-FCF329F59A8D}.Debug|Any CPU.ActiveCfg = Debug|Any CPU
		{F96AD79E-7877-47B3-8032-FCF329F59A8D}.Debug|Any CPU.Build.0 = Debug|Any CPU
		{F96AD79E-7877-47B3-8032-FCF329F59A8D}.Release|Any CPU.ActiveCfg = Release|Any CPU
		{F96AD79E-7877-47B3-8032-FCF329F59A8D}.Release|Any CPU.Build.0 = Release|Any CPU
		{19C58CED-AF01-489E-AA44-C2AE2519F674}.Debug|Any CPU.ActiveCfg = Debug|Any CPU
		{19C58CED-AF01-489E-AA44-C2AE2519F674}.Debug|Any CPU.Build.0 = Debug|Any CPU
		{19C58CED-AF01-489E-AA44-C2AE2519F674}.Release|Any CPU.ActiveCfg = Release|Any CPU
		{19C58CED-AF01-489E-AA44-C2AE2519F674}.Release|Any CPU.Build.0 = Release|Any CPU
	EndGlobalSection
	GlobalSection(SolutionProperties) = preSolution
		HideSolutionNode = FALSE
	EndGlobalSection
EndGlobal
