
Microsoft Visual Studio Solution File, Format Version 12.00
# Visual Studio 2012
Project("{FAE04EC0-301F-11D3-BF4B-00C04F79EFBC}") = "Lesson2", "Lesson2\Lesson2.csproj", "{0783950D-40B1-4C8E-8E32-8712FD23FDE6}"
EndProject
Global
	GlobalSection(SolutionConfigurationPlatforms) = preSolution
		Debug|Any CPU = Debug|Any CPU
		Release|Any CPU = Release|Any CPU
	EndGlobalSection
	GlobalSection(ProjectConfigurationPlatforms) = postSolution
		{0783950D-40B1-4C8E-8E32-8712FD23FDE6}.Debug|Any CPU.ActiveCfg = Debug|Any CPU
		{0783950D-40B1-4C8E-8E32-8712FD23FDE6}.Debug|Any CPU.Build.0 = Debug|Any CPU
		{0783950D-40B1-4C8E-8E32-8712FD23FDE6}.Release|Any CPU.ActiveCfg = Release|Any CPU
		{0783950D-40B1-4C8E-8E32-8712FD23FDE6}.Release|Any CPU.Build.0 = Release|Any CPU
	EndGlobalSection
	GlobalSection(SolutionProperties) = preSolution
		HideSolutionNode = FALSE
	EndGlobalSection
EndGlobal
